
Microsoft Visual Studio Solution File, Format Version 12.00
# Visual Studio Version 16
VisualStudioVersion = 16.0.30011.22
MinimumVisualStudioVersion = 10.0.40219.1
Project("{9A19103F-16F7-4668-BE54-9A1E7A4F7556}") = "Esplora.Client", "Esplora.Client\Esplora.Client.csproj", "{BAA264B7-21C6-462E-BF3F-150C08B649F7}"
EndProject
Project("{FAE04EC0-301F-11D3-BF4B-00C04F79EFBC}") = "Esplora.Tests", "Esplora.Tests\Esplora.Tests.csproj", "{537590F4-DDA3-4103-ADF5-7CAB6818D667}"
EndProject
Global
	GlobalSection(SolutionConfigurationPlatforms) = preSolution
		Debug|Any CPU = Debug|Any CPU
		Release|Any CPU = Release|Any CPU
	EndGlobalSection
	GlobalSection(ProjectConfigurationPlatforms) = postSolution
		{BAA264B7-21C6-462E-BF3F-150C08B649F7}.Debug|Any CPU.ActiveCfg = Debug|Any CPU
		{BAA264B7-21C6-462E-BF3F-150C08B649F7}.Debug|Any CPU.Build.0 = Debug|Any CPU
		{BAA264B7-21C6-462E-BF3F-150C08B649F7}.Release|Any CPU.ActiveCfg = Release|Any CPU
		{BAA264B7-21C6-462E-BF3F-150C08B649F7}.Release|Any CPU.Build.0 = Release|Any CPU
		{537590F4-DDA3-4103-ADF5-7CAB6818D667}.Debug|Any CPU.ActiveCfg = Debug|Any CPU
		{537590F4-DDA3-4103-ADF5-7CAB6818D667}.Debug|Any CPU.Build.0 = Debug|Any CPU
		{537590F4-DDA3-4103-ADF5-7CAB6818D667}.Release|Any CPU.ActiveCfg = Release|Any CPU
		{537590F4-DDA3-4103-ADF5-7CAB6818D667}.Release|Any CPU.Build.0 = Release|Any CPU
	EndGlobalSection
	GlobalSection(SolutionProperties) = preSolution
		HideSolutionNode = FALSE
	EndGlobalSection
	GlobalSection(ExtensibilityGlobals) = postSolution
		SolutionGuid = {DA06A4D9-2B3E-474E-91A5-E3EC044FC887}
	EndGlobalSection
EndGlobal
